{
  "nodes": {
    "apple-silicon": {
      "inputs": {
        "flake-compat": "flake-compat",
        "nixpkgs": [
          "nixpkgs"
        ]
      },
      "locked": {
        "lastModified": 1791319332,
        "narHash": "sha256-QLyJ8+yDihDs0pg2Z3nsihinOubRdsPoo3MwRs2KM+w=",
        "owner": "nix-community",
        "repo": "nixos-apple-silicon",
        "rev": "c263106abdb41b2b88072d5850b04e30dc4bb23e",
        "type": "github"
      },
      "original": {
        "owner": "nix-community",
        "repo": "nixos-apple-silicon",
        "type": "github"
      }
    },
    "flake-compat": {
      "locked": {
        "lastModified": 1761640442,
        "narHash": "sha256-AtrEP6Jmdvrqiv4x2xa5mrtaIp3OEe8uBYCDZDS+hu8=",
        "owner": "nix-community",
        "repo": "flake-compat",
        "rev": "4a56054d8ffc173222d09dad23adf4ba946c8884",
        "type": "github"
      },
      "original": {
        "owner": "nix-community",
        "repo": "flake-compat",
        "type": "github"
      }
    },
    "hyprquickframe": {
      "inputs": {
        "nixpkgs": [
          "nixpkgs"
        ]
      },
      "locked": {
        "lastModified": 1789879100,
        "narHash": "sha256-VOOMBxupQ0oRhhi5yb4a3UDKrK2YiFu0tW38buicRac=",
        "owner": "Ronin-CK",
        "repo": "HyprQuickFrame",
        "rev": "a41141195e7c918ac6f57fa41a89d4caca212003",
        "type": "github"
      },
      "original": {
        "owner": "Ronin-CK",
        "repo": "HyprQuickFrame",
        "type": "github"
      }
    },
    "nix-index-database": {
      "inputs": {
        "nixpkgs": [
          "nixpkgs"
        ]
      },
      "locked": {
        "lastModified": 1791105314,
        "narHash": "sha256-oTM7QFgRQ+vxBpMBMc7hEYpqBtpXAzXu2xuB/tru84U=",
        "owner": "nix-community",
        "repo": "nix-index-database",
        "rev": "e740bc4e9d8918d7819a51486d5099930c65c72e",
        "type": "github"
      },
      "original": {
        "owner": "nix-community",
        "repo": "nix-index-database",
        "type": "github"
      }
    },
    "nixpkgs": {
      "locked": {
        "lastModified": 1791594108,
        "narHash": "sha256-XK4KceonkwD8LuMAt/vNrz982mXJM5jeHAxMwsUXXAQ=",
        "owner": "NixOS",
        "repo": "nixpkgs",
        "rev": "6510408d147d8c5e6d76043e899e9251756f6a75",
        "type": "github"
      },
      "original": {
        "owner": "NixOS",
        "ref": "nixos-unstable",
        "repo": "nixpkgs",
        "type": "github"
      }
    },
    "root": {
      "inputs": {
        "apple-silicon": "apple-silicon",
        "hyprquickframe": "hyprquickframe",
        "nix-index-database": "nix-index-database",
        "nixpkgs": "nixpkgs",
        "sops-nix": "sops-nix"
      }
    },
    "sops-nix": {
      "inputs": {
        "nixpkgs": [
          "nixpkgs"
        ]
      },
      "locked": {
        "lastModified": 1791639265,
        "narHash": "sha256-51gxD0eLcJkxH2TYdhE+Qsf04yg3PRV7anCAqOFX70E=",
        "owner": "Mic92",
        "repo": "sops-nix",
        "rev": "a8be3b14935d3532604c51c8dfe3021c73d1a885",
        "type": "github"
      },
      "original": {
        "owner": "Mic92",
        "repo": "sops-nix",
        "type": "github"
      }
    }
  },
  "root": "root",
  "version": 7
}
